<?xml version="1.0" encoding="utf-8"?>
<Project ToolsVersion="4.0" xmlns="http://schemas.microsoft.com/developer/msbuild/2003">
  <ItemGroup>
    <ClCompile Include="Source\Collision.cpp" />
    <ClCompile Include="Source\FadeToBlack.cpp" />
    <ClCompile Include="Source\Main.cpp" />
    <ClCompile Include="Source\App.cpp" />
    <ClCompile Include="Source\Audio.cpp" />
    <ClCompile Include="Source\Input.cpp" />
    <ClCompile Include="Source\Map.cpp" />
    <ClCompile Include="Source\Pathfinding.cpp" />
    <ClCompile Include="Source\Scene.cpp" />
    <ClCompile Include="Source\Render.cpp" />
    <ClCompile Include="Source\Textures.cpp" />
    <ClCompile Include="Source\Window.cpp" />
    <ClCompile Include="Source\AirEnemy.cpp">
      <Filter>Entities</Filter>
    </ClCompile>
    <ClCompile Include="Source\Checkpoint.cpp">
      <Filter>Entities</Filter>
    </ClCompile>
    <ClCompile Include="Source\GroundEnemy.cpp">
      <Filter>Entities</Filter>
    </ClCompile>
    <ClCompile Include="Source\Player.cpp">
      <Filter>Entities</Filter>
    </ClCompile>
    <ClCompile Include="Source\Objects.cpp">
      <Filter>Entities</Filter>
    </ClCompile>
    <ClCompile Include="Source\External\PugiXml\src\pugixml.cpp">
      <Filter>External\PugiXML</Filter>
    </ClCompile>
    <ClCompile Include="Source\Log.cpp">
      <Filter>Utils</Filter>
    </ClCompile>
    <ClCompile Include="Source\PerfTimer.cpp">
      <Filter>Utils</Filter>
    </ClCompile>
    <ClCompile Include="Source\Timer.cpp">
      <Filter>Utils</Filter>
    </ClCompile>
    <ClCompile Include="Source\ModuleGUI.cpp" />
    <ClCompile Include="Source\Button.cpp">
      <Filter>Entities\GUI</Filter>
    </ClCompile>
    <ClCompile Include="Source\Checkbox.cpp">
      <Filter>Entities\GUI</Filter>
    </ClCompile>
    <ClCompile Include="Source\Slider.cpp">
      <Filter>Entities\GUI</Filter>
    </ClCompile>
    <ClCompile Include="Source\Text.cpp">
      <Filter>Entities\GUI</Filter>
    </ClCompile>
    <ClCompile Include="Source\Fonts.cpp">
      <Filter>Utils</Filter>
    </ClCompile>
  </ItemGroup>
  <ItemGroup>
    <ClInclude Include="Source\Collision.h" />
    <ClInclude Include="Source\FadeToBlack.h" />
    <ClInclude Include="Source\Map.h" />
    <ClInclude Include="Source\Pathfinding.h" />
    <ClInclude Include="Source\Scene.h" />
    <ClInclude Include="Source\Audio.h" />
    <ClInclude Include="Source\Input.h" />
    <ClInclude Include="Source\App.h" />
    <ClInclude Include="Source\Module.h" />
    <ClInclude Include="Source\Render.h" />
    <ClInclude Include="Source\Textures.h" />
    <ClInclude Include="Source\Window.h" />
    <ClInclude Include="Source\AirEnemy.h">
      <Filter>Entities</Filter>
    </ClInclude>
    <ClInclude Include="Source\Checkpoint.h">
      <Filter>Entities</Filter>
    </ClInclude>
    <ClInclude Include="Source\GroundEnemy.h">
      <Filter>Entities</Filter>
    </ClInclude>
    <ClInclude Include="Source\Player.h">
      <Filter>Entities</Filter>
    </ClInclude>
    <ClInclude Include="Source\Objects.h">
      <Filter>Entities</Filter>
    </ClInclude>
    <ClInclude Include="Source\External\PugiXml\src\pugiconfig.hpp">
      <Filter>External\PugiXML</Filter>
    </ClInclude>
    <ClInclude Include="Source\External\PugiXml\src\pugixml.hpp">
      <Filter>External\PugiXML</Filter>
    </ClInclude>
    <ClInclude Include="Source\Animation.h">
      <Filter>Utils</Filter>
    </ClInclude>
    <ClInclude Include="Source\Defs.h">
      <Filter>Utils</Filter>
    </ClInclude>
    <ClInclude Include="Source\DynArray.h">
      <Filter>Utils</Filter>
    </ClInclude>
    <ClInclude Include="Source\List.h">
      <Filter>Utils</Filter>
    </ClInclude>
    <ClInclude Include="Source\Log.h">
      <Filter>Utils</Filter>
    </ClInclude>
    <ClInclude Include="Source\PerfTimer.h">
      <Filter>Utils</Filter>
    </ClInclude>
    <ClInclude Include="Source\Timer.h">
      <Filter>Utils</Filter>
    </ClInclude>
    <ClInclude Include="Source\Point.h">
      <Filter>Utils</Filter>
    </ClInclude>
    <ClInclude Include="Source\PQueue.h">
      <Filter>Utils</Filter>
    </ClInclude>
    <ClInclude Include="Source\Queue.h">
      <Filter>Utils</Filter>
    </ClInclude>
    <ClInclude Include="Source\SString.h">
      <Filter>Utils</Filter>
    </ClInclude>
    <ClInclude Include="Source\ModuleGUI.h" />
    <ClInclude Include="Source\Button.h">
      <Filter>Entities\GUI</Filter>
    </ClInclude>
    <ClInclude Include="Source\Checkbox.h">
      <Filter>Entities\GUI</Filter>
    </ClInclude>
    <ClInclude Include="Source\Slider.h">
      <Filter>Entities\GUI</Filter>
    </ClInclude>
    <ClInclude Include="Source\Text.h">
      <Filter>Entities\GUI</Filter>
    </ClInclude>
    <ClInclude Include="Source\Fonts.h">
      <Filter>Utils</Filter>
    </ClInclude>
  </ItemGroup>
  <ItemGroup>
    <Filter Include="Entities">
      <UniqueIdentifier>{c1da43f5-6fae-41ee-b618-94ab84a8fc1a}</UniqueIdentifier>
    </Filter>
    <Filter Include="External">
      <UniqueIdentifier>{1ef526b2-a01b-4cfa-b4c0-957c312221b1}</UniqueIdentifier>
    </Filter>
    <Filter Include="External\PugiXML">
      <UniqueIdentifier>{6d522eac-5da0-4d2e-a99b-7c33df6f9e9c}</UniqueIdentifier>
    </Filter>
    <Filter Include="Utils">
      <UniqueIdentifier>{61822d7d-c44a-431d-94c6-7b72248482e4}</UniqueIdentifier>
    </Filter>
    <Filter Include="Entities\GUI">
      <UniqueIdentifier>{0a2beea8-bd89-4445-97e7-ded4cf188af7}</UniqueIdentifier>
    </Filter>
  </ItemGroup>
</Project>